{
  "version": 4,
  "terraform_version": "0.15.3",
  "serial": 5,
  "lineage": "acd697e8-ebc6-913b-fe0e-d3bb82e92113",
  "outputs": {
    "kubernetes_cluster_host": {
      "value": "35.239.140.245",
      "type": "string"
    },
    "kubernetes_cluster_name": {
      "value": "sixth-emissary-359700-gke",
      "type": "string"
    },
    "project_id": {
      "value": "sixth-emissary-359700",
      "type": "string"
    },
    "region": {
      "value": "us-central1",
      "type": "string"
    }
  },
  "resources": [
    {
      "mode": "managed",
      "type": "google_compute_network",
      "name": "vpc",
      "provider": "provider[\"registry.terraform.io/hashicorp/google\"]",
      "instances": [
        {
          "schema_version": 0,
          "attributes": {
            "auto_create_subnetworks": false,
            "delete_default_routes_on_create": false,
            "description": "",
            "gateway_ipv4": "",
            "id": "projects/sixth-emissary-359700/global/networks/sixth-emissary-359700-vpc",
            "mtu": 0,
            "name": "sixth-emissary-359700-vpc",
            "project": "sixth-emissary-359700",
            "routing_mode": "REGIONAL",
            "self_link": "https://www.googleapis.com/compute/v1/projects/sixth-emissary-359700/global/networks/sixth-emissary-359700-vpc",
            "timeouts": null
          },
          "sensitive_attributes": [],
          "private": "eyJlMmJmYjczMC1lY2FhLTExZTYtOGY4OC0zNDM2M2JjN2M0YzAiOnsiY3JlYXRlIjoyNDAwMDAwMDAwMDAsImRlbGV0ZSI6MjQwMDAwMDAwMDAwLCJ1cGRhdGUiOjI0MDAwMDAwMDAwMH19"
        }
      ]
    },
    {
      "mode": "managed",
      "type": "google_compute_subnetwork",
      "name": "subnet",
      "provider": "provider[\"registry.terraform.io/hashicorp/google\"]",
      "instances": [
        {
          "schema_version": 0,
          "attributes": {
            "creation_timestamp": "2022-08-20T07:03:29.308-07:00",
            "description": "",
            "fingerprint": null,
            "gateway_address": "10.10.0.1",
            "id": "projects/sixth-emissary-359700/regions/us-central1/subnetworks/sixth-emissary-359700-subnet",
            "ip_cidr_range": "10.10.0.0/24",
            "log_config": [],
            "name": "sixth-emissary-359700-subnet",
            "network": "https://www.googleapis.com/compute/v1/projects/sixth-emissary-359700/global/networks/sixth-emissary-359700-vpc",
            "private_ip_google_access": false,
            "private_ipv6_google_access": "DISABLE_GOOGLE_ACCESS",
            "project": "sixth-emissary-359700",
            "region": "us-central1",
            "secondary_ip_range": [],
            "self_link": "https://www.googleapis.com/compute/v1/projects/sixth-emissary-359700/regions/us-central1/subnetworks/sixth-emissary-359700-subnet",
            "timeouts": null
          },
          "sensitive_attributes": [],
          "private": "eyJlMmJmYjczMC1lY2FhLTExZTYtOGY4OC0zNDM2M2JjN2M0YzAiOnsiY3JlYXRlIjozNjAwMDAwMDAwMDAsImRlbGV0ZSI6MzYwMDAwMDAwMDAwLCJ1cGRhdGUiOjM2MDAwMDAwMDAwMH19",
          "dependencies": [
            "google_compute_network.vpc"
          ]
        }
      ]
    },
    {
      "mode": "managed",
      "type": "google_container_cluster",
      "name": "primary",
      "provider": "provider[\"registry.terraform.io/hashicorp/google\"]",
      "instances": [
        {
          "schema_version": 1,
          "attributes": {
            "addons_config": [
              {
                "cloudrun_config": [],
                "horizontal_pod_autoscaling": [],
                "http_load_balancing": [],
                "network_policy_config": [
                  {
                    "disabled": true
                  }
                ]
              }
            ],
            "authenticator_groups_config": [],
            "cluster_autoscaling": [
              {
                "auto_provisioning_defaults": [],
                "enabled": false,
                "resource_limits": []
              }
            ],
            "cluster_ipv4_cidr": "10.140.0.0/14",
            "database_encryption": [
              {
                "key_name": "",
                "state": "DECRYPTED"
              }
            ],
            "default_max_pods_per_node": 110,
            "description": "",
            "enable_binary_authorization": false,
            "enable_intranode_visibility": null,
            "enable_kubernetes_alpha": false,
            "enable_legacy_abac": false,
            "enable_shielded_nodes": false,
            "enable_tpu": null,
            "endpoint": "35.239.140.245",
            "id": "projects/sixth-emissary-359700/locations/us-central1/clusters/sixth-emissary-359700-gke",
            "initial_node_count": 1,
            "instance_group_urls": [],
            "ip_allocation_policy": [
              {
                "cluster_ipv4_cidr_block": "10.140.0.0/14",
                "cluster_secondary_range_name": "gke-sixth-emissary-359700-gke-pods-301e5443",
                "services_ipv4_cidr_block": "10.144.0.0/20",
                "services_secondary_range_name": "gke-sixth-emissary-359700-gke-services-301e5443"
              }
            ],
            "label_fingerprint": "a9dc16a7",
            "location": "us-central1",
            "logging_service": "logging.googleapis.com/kubernetes",
            "maintenance_policy": [],
            "master_auth": [
              {
                "client_certificate": "",
                "client_certificate_config": [
                  {
                    "issue_client_certificate": false
                  }
                ],
                "client_key": "",
                "cluster_ca_certificate": "LS0tLS1CRUdJTiBDRVJUSUZJQ0FURS0tLS0tCk1JSUVMVENDQXBXZ0F3SUJBZ0lSQU4vWnRXOTNXWEt5eUpJdUpxeUF4ak13RFFZSktvWklodmNOQVFFTEJRQXcKTHpFdE1Dc0dBMVVFQXhNa01UY3pNVGs1WTJRdE9ETmhNUzAwWldVNUxXSTBOVEl0TXpRMk9HTTVPV1U0WWpkawpNQ0FYRFRJeU1EZ3lNREV6TURNME0xb1lEekl3TlRJd09ERXlNVFF3TXpReldqQXZNUzB3S3dZRFZRUURFeVF4Ck56TXhPVGxqWkMwNE0yRXhMVFJsWlRrdFlqUTFNaTB6TkRZNFl6azVaVGhpTjJRd2dnR2lNQTBHQ1NxR1NJYjMKRFFFQkFRVUFBNElCandBd2dnR0tBb0lCZ1FDbTdwS3k0ZGo2bXJkbCsrdkpqZUovQmI2aW16Q25xSWxEaDViVgp5UjdleWMxcitkS200S3ZQQ1FmV2thUTNqaG82aWhVV3JTbWdIRERqbGNhZWRKemFhM1M5ZWVCbFpBaE9LUTBvCkxidDJJR01ybStFaHgyOWNpM2ZXNXJ1eTlJNXJVdVp1QXVmT1labkhJZjFVVXN2dUViVnh1bFZSWjhGNHVuaEwKS3dGMXlzc1kwZk1ELytsTU5mZ0JjMmNialJ0d09QYnVVbHQ0b2tVbW5sNEwzbTVudUJ4cWE0dzFvNlRXVWNDcgpldERGbTVpQkErWnFTL3BHeW02OHg5UkVLNmZhbW1VdlkrZVFnWDUvZUxsYzFLSVN0d0tNWGY2SGlkeFhnTDU1ClhTUnJXYmRQejR3VDdNd0xoaW1WbEZjeWhTN1hWQzJobWxPZTFCUEdjNGFTZElQMktDbVBWL3VRcjBNelFVZ2QKbHVHK2l2aENHdWhzZXJLWXBCOFkxR0JDejFJMDFkVFFvQnZIYXhCVEpUZXZBRVh6YlIzeXFQMzVIYnhpVTgyaApnZzk0b1JYczdtZnd4QzNJUmMvOXhGcHlDR1piYk1zZWdMNDZQSzlQNG1Lak1GeDFnM1EvdVRxbEVyZUdHQmRNCjEwVXBWa2R6RVRRVU85OEsrOW81aG9qcUhZRUNBd0VBQWFOQ01FQXdEZ1lEVlIwUEFRSC9CQVFEQWdJRU1BOEcKQTFVZEV3RUIvd1FGTUFNQkFmOHdIUVlEVlIwT0JCWUVGQVBGTmNKQ2dSdGZacFh4VGIwS1VrSkZKYkswTUEwRwpDU3FHU0liM0RRRUJDd1VBQTRJQmdRQ2V2dWZ6ME1jOU4rYlBlNHREV1JxOGZrQ25LT0NHUG1TUzRzb0xkelFjCkd6b1lXMzBwUVp1MXM3U1ErRjBDYUhLN2Z6SUZscFBBVVJRN0Z6bkZSUFdHaUsxeWZ4NXZzaGxpSzZNUi8yUjEKQkFya0ZHcVI5YzlHSGRXQmdQKzZ2VWU2Vk1yNXZPK3h1SzFucE02WVMxTGRXYXZpZTRKclRobTlyZ1BnbWs0RApoWUFIS21GdnRJa1dRdlJoUE9nRWh3S0tnblY5RlVFWlV2eVFRZ1NMTWZiaGRjejU2VjJvUG9uYlpmWVRqTUJhCnRYN09EaG13SktkQmNNdGhyOWFLdmZXTVlLNFhBQy9GMTFzaFZZQlFmSGhqVGhzQURmQnRHYm82aW1iMkcwL0EKTkJQV2RSemNlalZIMVFHVzUrWTNkZ2paRmJzTkxQVm5UdXR0d25nd3dFNkw4NVVhM1M4L0VXVlcyems5SDJjMwpaczJSTHJjTVhIK3Z2UndybWZtbEVOZWx0MW8yUGhrV014V1FWZThSOFVBOGI3TmNBQmtocVRHMFlzYkorMnF3Ck9oTCtFZkovWGx0UUJkbUpHaFkxZktZeFRIWjllWUhxeXNWSjNsTE16QjFuM0YrUElOTnpkTHRobGJoOWhzaCsKV1ZtK0VPKzl5U014L0hwSkYzbHc5YlE9Ci0tLS0tRU5EIENFUlRJRklDQVRFLS0tLS0K",
                "password": "",
                "username": ""
              }
            ],
            "master_authorized_networks_config": [],
            "master_version": "1.22.10-gke.600",
            "min_master_version": null,
            "monitoring_service": "monitoring.googleapis.com/kubernetes",
            "name": "sixth-emissary-359700-gke",
            "network": "projects/sixth-emissary-359700/global/networks/sixth-emissary-359700-vpc",
            "network_policy": [
              {
                "enabled": false,
                "provider": "PROVIDER_UNSPECIFIED"
              }
            ],
            "node_config": [],
            "node_locations": [
              "us-central1-a",
              "us-central1-b",
              "us-central1-c"
            ],
            "node_pool": [],
            "node_version": "1.22.10-gke.600",
            "operation": null,
            "pod_security_policy_config": [],
            "private_cluster_config": [],
            "project": "sixth-emissary-359700",
            "release_channel": [
              {
                "channel": "REGULAR"
              }
            ],
            "remove_default_node_pool": true,
            "resource_labels": null,
            "resource_usage_export_config": [],
            "self_link": "https://container.googleapis.com/v1beta1/projects/sixth-emissary-359700/locations/us-central1/clusters/sixth-emissary-359700-gke",
            "services_ipv4_cidr": "10.144.0.0/20",
            "subnetwork": "projects/sixth-emissary-359700/regions/us-central1/subnetworks/sixth-emissary-359700-subnet",
            "timeouts": null,
            "vertical_pod_autoscaling": [],
            "workload_identity_config": []
          },
          "sensitive_attributes": [],
          "private": "eyJlMmJmYjczMC1lY2FhLTExZTYtOGY4OC0zNDM2M2JjN2M0YzAiOnsiY3JlYXRlIjoyNDAwMDAwMDAwMDAwLCJkZWxldGUiOjI0MDAwMDAwMDAwMDAsInJlYWQiOjI0MDAwMDAwMDAwMDAsInVwZGF0ZSI6MzYwMDAwMDAwMDAwMH0sInNjaGVtYV92ZXJzaW9uIjoiMSJ9",
          "dependencies": [
            "google_compute_network.vpc",
            "google_compute_subnetwork.subnet"
          ]
        }
      ]
    },
    {
      "mode": "managed",
      "type": "google_container_node_pool",
      "name": "primary_nodes",
      "provider": "provider[\"registry.terraform.io/hashicorp/google\"]",
      "instances": [
        {
          "schema_version": 1,
          "attributes": {
            "autoscaling": [],
            "cluster": "sixth-emissary-359700-gke",
            "id": "projects/sixth-emissary-359700/locations/us-central1/clusters/sixth-emissary-359700-gke/nodePools/sixth-emissary-359700-gke-node-pool",
            "initial_node_count": 2,
            "instance_group_urls": [
              "https://www.googleapis.com/compute/v1/projects/sixth-emissary-359700/zones/us-central1-a/instanceGroupManagers/gke-sixth-emissary-3-sixth-emissary-3-4d949489-grp",
              "https://www.googleapis.com/compute/v1/projects/sixth-emissary-359700/zones/us-central1-b/instanceGroupManagers/gke-sixth-emissary-3-sixth-emissary-3-c872ff0d-grp",
              "https://www.googleapis.com/compute/v1/projects/sixth-emissary-359700/zones/us-central1-c/instanceGroupManagers/gke-sixth-emissary-3-sixth-emissary-3-b1726d5d-grp"
            ],
            "location": "us-central1",
            "management": [
              {
                "auto_repair": true,
                "auto_upgrade": true
              }
            ],
            "max_pods_per_node": 110,
            "name": "sixth-emissary-359700-gke-node-pool",
            "name_prefix": "",
            "node_config": [
              {
                "disk_size_gb": 100,
                "disk_type": "pd-standard",
                "guest_accelerator": [],
                "image_type": "COS_CONTAINERD",
                "labels": {
                  "env": "sixth-emissary-359700"
                },
                "local_ssd_count": 0,
                "machine_type": "n1-standard-1",
                "metadata": {
                  "disable-legacy-endpoints": "true"
                },
                "min_cpu_platform": "",
                "oauth_scopes": [
                  "https://www.googleapis.com/auth/logging.write",
                  "https://www.googleapis.com/auth/monitoring"
                ],
                "preemptible": false,
                "service_account": "default",
                "shielded_instance_config": [
                  {
                    "enable_integrity_monitoring": true,
                    "enable_secure_boot": false
                  }
                ],
                "tags": [
                  "gke-node",
                  "sixth-emissary-359700-gke"
                ],
                "taint": [],
                "workload_metadata_config": []
              }
            ],
            "node_count": 2,
            "node_locations": [
              "us-central1-a",
              "us-central1-b",
              "us-central1-c"
            ],
            "project": "sixth-emissary-359700",
            "timeouts": null,
            "upgrade_settings": [
              {
                "max_surge": 1,
                "max_unavailable": 0
              }
            ],
            "version": "1.22.10-gke.600"
          },
          "sensitive_attributes": [],
          "private": "eyJlMmJmYjczMC1lY2FhLTExZTYtOGY4OC0zNDM2M2JjN2M0YzAiOnsiY3JlYXRlIjoxODAwMDAwMDAwMDAwLCJkZWxldGUiOjE4MDAwMDAwMDAwMDAsInVwZGF0ZSI6MTgwMDAwMDAwMDAwMH0sInNjaGVtYV92ZXJzaW9uIjoiMSJ9",
          "dependencies": [
            "google_compute_network.vpc",
            "google_compute_subnetwork.subnet",
            "google_container_cluster.primary"
          ]
        }
      ]
    }
  ]
}
